{
  "nodes": {
    "nixpkgs": {
      "locked": {
        "lastModified": 1715087517,
        "narHash": "sha256-CLU5Tsg24Ke4+7sH8azHWXKd0CFd4mhLWfhYgUiDBpQ=",
        "rev": "b211b392b8486ee79df6cdfb1157ad2133427a29",
        "revCount": 622847,
        "type": "tarball",
        "url": "https://api.flakehub.com/f/pinned/NixOS/nixpkgs/0.1.622847%2Brev-b211b392b8486ee79df6cdfb1157ad2133427a29/018f5910-ccf6-75c7-8f5a-744aa31ab69c/source.tar.gz"
      },
      "original": {
        "type": "tarball",
        "url": "https://flakehub.com/f/NixOS/nixpkgs/0.1.%2A.tar.gz"
      }
    },
    "root": {
      "inputs": {
        "nixpkgs": "nixpkgs",
        "rust-overlay": "rust-overlay"
      }
    },
    "rust-overlay": {
      "inputs": {
        "nixpkgs": [
          "nixpkgs"
        ]
      },
      "locked": {
        "lastModified": 1725157860,
        "narHash": "sha256-DhqyM7XJYKj+WAEaYwMtXaYX66tA+lOd31sd5QkxLDM=",
        "owner": "oxalica",
        "repo": "rust-overlay",
        "rev": "1fd72e343c6890f695243a37b367a1e3b90a49ee",
        "type": "github"
      },
      "original": {
        "owner": "oxalica",
        "repo": "rust-overlay",
        "type": "github"
      }
    }
  },
  "root": "root",
  "version": 7
}
